
Microsoft Visual Studio Solution File, Format Version 12.00
# Visual Studio Version 17
VisualStudioVersion = 17.8.34309.116
MinimumVisualStudioVersion = 10.0.40219.1
Project("{9A19103F-16F7-4668-BE54-9A1E7A4F7556}") = "BasicsAPI", "BasicsAPI\BasicsAPI.csproj", "{E6E27277-244B-4424-B33B-52D3B1F2A78C}"
EndProject
Project("{FAE04EC0-301F-11D3-BF4B-00C04F79EFBC}") = "DataAccess", "DataAccess\DataAccess.csproj", "{919395F5-EA4D-4C08-9319-CC77C5496D7A}"
EndProject
Project("{FAE04EC0-301F-11D3-BF4B-00C04F79EFBC}") = "Model", "Model\Model.csproj", "{E08E51AD-F130-43C5-9B18-97DA55386283}"
EndProject
Global
	GlobalSection(SolutionConfigurationPlatforms) = preSolution
		Debug|Any CPU = Debug|Any CPU
		Release|Any CPU = Release|Any CPU
	EndGlobalSection
	GlobalSection(ProjectConfigurationPlatforms) = postSolution
		{E6E27277-244B-4424-B33B-52D3B1F2A78C}.Debug|Any CPU.ActiveCfg = Debug|Any CPU
		{E6E27277-244B-4424-B33B-52D3B1F2A78C}.Debug|Any CPU.Build.0 = Debug|Any CPU
		{E6E27277-244B-4424-B33B-52D3B1F2A78C}.Release|Any CPU.ActiveCfg = Release|Any CPU
		{E6E27277-244B-4424-B33B-52D3B1F2A78C}.Release|Any CPU.Build.0 = Release|Any CPU
		{919395F5-EA4D-4C08-9319-CC77C5496D7A}.Debug|Any CPU.ActiveCfg = Debug|Any CPU
		{919395F5-EA4D-4C08-9319-CC77C5496D7A}.Debug|Any CPU.Build.0 = Debug|Any CPU
		{919395F5-EA4D-4C08-9319-CC77C5496D7A}.Release|Any CPU.ActiveCfg = Release|Any CPU
		{919395F5-EA4D-4C08-9319-CC77C5496D7A}.Release|Any CPU.Build.0 = Release|Any CPU
		{E08E51AD-F130-43C5-9B18-97DA55386283}.Debug|Any CPU.ActiveCfg = Debug|Any CPU
		{E08E51AD-F130-43C5-9B18-97DA55386283}.Debug|Any CPU.Build.0 = Debug|Any CPU
		{E08E51AD-F130-43C5-9B18-97DA55386283}.Release|Any CPU.ActiveCfg = Release|Any CPU
		{E08E51AD-F130-43C5-9B18-97DA55386283}.Release|Any CPU.Build.0 = Release|Any CPU
	EndGlobalSection
	GlobalSection(SolutionProperties) = preSolution
		HideSolutionNode = FALSE
	EndGlobalSection
	GlobalSection(ExtensibilityGlobals) = postSolution
		SolutionGuid = {B8729601-5585-4FBB-9162-4E54CEAB77D9}
	EndGlobalSection
EndGlobal
